Microsoft Visual Studio Solution File, Format Version 12.00
# Visual Studio Version 17
VisualStudioVersion = 17.5.2.0
MinimumVisualStudioVersion = 10.0.40219.1
Project("{FAE04EC0-301F-11D3-BF4B-00C04F79EFBC}") = "TelegramBot", "TelegramBot\TelegramBot.csproj", "{42228419-78F5-7BC8-FFDA-4DCDAB7F6797}"
EndProject
Global
	GlobalSection(SolutionConfigurationPlatforms) = preSolution
		Debug|Any CPU = Debug|Any CPU
		Release|Any CPU = Release|Any CPU
	EndGlobalSection
	GlobalSection(ProjectConfigurationPlatforms) = postSolution
		{42228419-78F5-7BC8-FFDA-4DCDAB7F6797}.Debug|Any CPU.ActiveCfg = Debug|Any CPU
		{42228419-78F5-7BC8-FFDA-4DCDAB7F6797}.Debug|Any CPU.Build.0 = Debug|Any CPU
		{42228419-78F5-7BC8-FFDA-4DCDAB7F6797}.Release|Any CPU.ActiveCfg = Release|Any CPU
		{42228419-78F5-7BC8-FFDA-4DCDAB7F6797}.Release|Any CPU.Build.0 = Release|Any CPU
	EndGlobalSection
	GlobalSection(SolutionProperties) = preSolution
		HideSolutionNode = FALSE
	EndGlobalSection
	GlobalSection(ExtensibilityGlobals) = postSolution
		SolutionGuid = {410A3681-793F-4DC6-BAA8-B1E34EC1DEF9}
	EndGlobalSection
EndGlobal
